
Microsoft Visual Studio Solution File, Format Version 12.00
# Visual Studio Version 17
VisualStudioVersion = 17.5.33516.290
MinimumVisualStudioVersion = 10.0.40219.1
Project("{FAE04EC0-301F-11D3-BF4B-00C04F79EFBC}") = "RandomSim", "RandomSim\RandomSim.csproj", "{D31DEF86-E143-40B8-A41A-8B533179E77C}"
EndProject
Global
	GlobalSection(SolutionConfigurationPlatforms) = preSolution
		Debug|Any CPU = Debug|Any CPU
		Release|Any CPU = Release|Any CPU
	EndGlobalSection
	GlobalSection(ProjectConfigurationPlatforms) = postSolution
		{D31DEF86-E143-40B8-A41A-8B533179E77C}.Debug|Any CPU.ActiveCfg = Debug|Any CPU
		{D31DEF86-E143-40B8-A41A-8B533179E77C}.Debug|Any CPU.Build.0 = Debug|Any CPU
		{D31DEF86-E143-40B8-A41A-8B533179E77C}.Release|Any CPU.ActiveCfg = Release|Any CPU
		{D31DEF86-E143-40B8-A41A-8B533179E77C}.Release|Any CPU.Build.0 = Release|Any CPU
	EndGlobalSection
	GlobalSection(SolutionProperties) = preSolution
		HideSolutionNode = FALSE
	EndGlobalSection
	GlobalSection(ExtensibilityGlobals) = postSolution
		SolutionGuid = {B3493437-EEE8-436E-ACBF-5A7402EE1ADD}
	EndGlobalSection
EndGlobal
